
Microsoft Visual Studio Solution File, Format Version 12.00
# Visual Studio 15
VisualStudioVersion = 15.0.26730.12
MinimumVisualStudioVersion = 10.0.40219.1
Project("{FAE04EC0-301F-11D3-BF4B-00C04F79EFBC}") = "projectone", "projectone\projectone.csproj", "{D571EE7E-C789-4C49-8F7F-9606AD6CC49A}"
EndProject
Global
	GlobalSection(SolutionConfigurationPlatforms) = preSolution
		Debug|Any CPU = Debug|Any CPU
		Release|Any CPU = Release|Any CPU
	EndGlobalSection
	GlobalSection(ProjectConfigurationPlatforms) = postSolution
		{D571EE7E-C789-4C49-8F7F-9606AD6CC49A}.Debug|Any CPU.ActiveCfg = Debug|Any CPU
		{D571EE7E-C789-4C49-8F7F-9606AD6CC49A}.Debug|Any CPU.Build.0 = Debug|Any CPU
		{D571EE7E-C789-4C49-8F7F-9606AD6CC49A}.Release|Any CPU.ActiveCfg = Release|Any CPU
		{D571EE7E-C789-4C49-8F7F-9606AD6CC49A}.Release|Any CPU.Build.0 = Release|Any CPU
	EndGlobalSection
	GlobalSection(SolutionProperties) = preSolution
		HideSolutionNode = FALSE
	EndGlobalSection
	GlobalSection(ExtensibilityGlobals) = postSolution
		SolutionGuid = {45E647B9-2E26-439A-8FBE-68B26BC0D54A}
	EndGlobalSection
EndGlobal
