
Microsoft Visual Studio Solution File, Format Version 12.00
# Visual Studio 15
VisualStudioVersion = 15.0.26730.12
MinimumVisualStudioVersion = 10.0.40219.1
Project("{FAE04EC0-301F-11D3-BF4B-00C04F79EFBC}") = "furniture-experts-app", "furniture-experts-app\furniture-experts-app.csproj", "{00E84FE5-66EE-497E-BA66-6B3AAAF76A00}"
EndProject
Global
	GlobalSection(SolutionConfigurationPlatforms) = preSolution
		Debug|Any CPU = Debug|Any CPU
		Release|Any CPU = Release|Any CPU
	EndGlobalSection
	GlobalSection(ProjectConfigurationPlatforms) = postSolution
		{00E84FE5-66EE-497E-BA66-6B3AAAF76A00}.Debug|Any CPU.ActiveCfg = Debug|Any CPU
		{00E84FE5-66EE-497E-BA66-6B3AAAF76A00}.Debug|Any CPU.Build.0 = Debug|Any CPU
		{00E84FE5-66EE-497E-BA66-6B3AAAF76A00}.Release|Any CPU.ActiveCfg = Release|Any CPU
		{00E84FE5-66EE-497E-BA66-6B3AAAF76A00}.Release|Any CPU.Build.0 = Release|Any CPU
	EndGlobalSection
	GlobalSection(SolutionProperties) = preSolution
		HideSolutionNode = FALSE
	EndGlobalSection
	GlobalSection(ExtensibilityGlobals) = postSolution
		SolutionGuid = {ED4843FA-5F42-4FD6-BCF4-1810C186E6B6}
	EndGlobalSection
EndGlobal
